
Microsoft Visual Studio Solution File, Format Version 12.00
# Visual Studio Version 16
VisualStudioVersion = 16.0.30517.126
MinimumVisualStudioVersion = 10.0.40219.1
Project("{FAE04EC0-301F-11D3-BF4B-00C04F79EFBC}") = "Gestionf_Yosra", "Gestionf_Yosra\Gestionf_Yosra.csproj", "{68BA3F72-0ACD-4320-91C1-991A38019F7A}"
EndProject
Global
	GlobalSection(SolutionConfigurationPlatforms) = preSolution
		Debug|Any CPU = Debug|Any CPU
		Release|Any CPU = Release|Any CPU
	EndGlobalSection
	GlobalSection(ProjectConfigurationPlatforms) = postSolution
		{68BA3F72-0ACD-4320-91C1-991A38019F7A}.Debug|Any CPU.ActiveCfg = Debug|Any CPU
		{68BA3F72-0ACD-4320-91C1-991A38019F7A}.Debug|Any CPU.Build.0 = Debug|Any CPU
		{68BA3F72-0ACD-4320-91C1-991A38019F7A}.Release|Any CPU.ActiveCfg = Release|Any CPU
		{68BA3F72-0ACD-4320-91C1-991A38019F7A}.Release|Any CPU.Build.0 = Release|Any CPU
	EndGlobalSection
	GlobalSection(SolutionProperties) = preSolution
		HideSolutionNode = FALSE
	EndGlobalSection
	GlobalSection(ExtensibilityGlobals) = postSolution
		SolutionGuid = {F9E3744A-C06C-4E91-BC7B-10A1B16F3C73}
	EndGlobalSection
EndGlobal
